
Microsoft Visual Studio Solution File, Format Version 12.00
# TcXaeShell Solution File, Format Version 11.00
VisualStudioVersion = 15.0.33403.129
MinimumVisualStudioVersion = 10.0.40219.1
Project("{B1E792BE-AA5F-4E3C-8C82-674BF9C0715B}") = "Src", "Src\Src.tsproj", "{A7BFE1E8-4C99-4278-837B-BEE54582F875}"
EndProject
Global
	GlobalSection(SolutionConfigurationPlatforms) = preSolution
		Debug|TwinCAT CE7 (ARMV7) = Debug|TwinCAT CE7 (ARMV7)
		Debug|TwinCAT OS (ARMT2) = Debug|TwinCAT OS (ARMT2)
		Debug|TwinCAT RT (x64) = Debug|TwinCAT RT (x64)
		Debug|TwinCAT RT (x86) = Debug|TwinCAT RT (x86)
		Release|TwinCAT CE7 (ARMV7) = Release|TwinCAT CE7 (ARMV7)
		Release|TwinCAT OS (ARMT2) = Release|TwinCAT OS (ARMT2)
		Release|TwinCAT RT (x64) = Release|TwinCAT RT (x64)
		Release|TwinCAT RT (x86) = Release|TwinCAT RT (x86)
	EndGlobalSection
	GlobalSection(ProjectConfigurationPlatforms) = postSolution
		{A7BFE1E8-4C99-4278-837B-BEE54582F875}.Debug|TwinCAT CE7 (ARMV7).ActiveCfg = Debug|TwinCAT CE7 (ARMV7)
		{A7BFE1E8-4C99-4278-837B-BEE54582F875}.Debug|TwinCAT CE7 (ARMV7).Build.0 = Debug|TwinCAT CE7 (ARMV7)
		{A7BFE1E8-4C99-4278-837B-BEE54582F875}.Debug|TwinCAT OS (ARMT2).ActiveCfg = Debug|TwinCAT OS (ARMT2)
		{A7BFE1E8-4C99-4278-837B-BEE54582F875}.Debug|TwinCAT OS (ARMT2).Build.0 = Debug|TwinCAT OS (ARMT2)
		{A7BFE1E8-4C99-4278-837B-BEE54582F875}.Debug|TwinCAT RT (x64).ActiveCfg = Debug|TwinCAT RT (x64)
		{A7BFE1E8-4C99-4278-837B-BEE54582F875}.Debug|TwinCAT RT (x64).Build.0 = Debug|TwinCAT RT (x64)
		{A7BFE1E8-4C99-4278-837B-BEE54582F875}.Debug|TwinCAT RT (x86).ActiveCfg = Debug|TwinCAT RT (x86)
		{A7BFE1E8-4C99-4278-837B-BEE54582F875}.Debug|TwinCAT RT (x86).Build.0 = Debug|TwinCAT RT (x86)
		{A7BFE1E8-4C99-4278-837B-BEE54582F875}.Release|TwinCAT CE7 (ARMV7).ActiveCfg = Release|TwinCAT CE7 (ARMV7)
		{A7BFE1E8-4C99-4278-837B-BEE54582F875}.Release|TwinCAT CE7 (ARMV7).Build.0 = Release|TwinCAT CE7 (ARMV7)
		{A7BFE1E8-4C99-4278-837B-BEE54582F875}.Release|TwinCAT OS (ARMT2).ActiveCfg = Release|TwinCAT OS (ARMT2)
		{A7BFE1E8-4C99-4278-837B-BEE54582F875}.Release|TwinCAT OS (ARMT2).Build.0 = Release|TwinCAT OS (ARMT2)
		{A7BFE1E8-4C99-4278-837B-BEE54582F875}.Release|TwinCAT RT (x64).ActiveCfg = Release|TwinCAT RT (x64)
		{A7BFE1E8-4C99-4278-837B-BEE54582F875}.Release|TwinCAT RT (x64).Build.0 = Release|TwinCAT RT (x64)
		{A7BFE1E8-4C99-4278-837B-BEE54582F875}.Release|TwinCAT RT (x86).ActiveCfg = Release|TwinCAT RT (x86)
		{A7BFE1E8-4C99-4278-837B-BEE54582F875}.Release|TwinCAT RT (x86).Build.0 = Release|TwinCAT RT (x86)
		{58B0701E-067D-4AE4-8E1F-41033906F537}.Debug|TwinCAT CE7 (ARMV7).ActiveCfg = Debug|TwinCAT CE7 (ARMV7)
		{58B0701E-067D-4AE4-8E1F-41033906F537}.Debug|TwinCAT CE7 (ARMV7).Build.0 = Debug|TwinCAT CE7 (ARMV7)
		{58B0701E-067D-4AE4-8E1F-41033906F537}.Debug|TwinCAT OS (ARMT2).ActiveCfg = Debug|TwinCAT OS (ARMT2)
		{58B0701E-067D-4AE4-8E1F-41033906F537}.Debug|TwinCAT OS (ARMT2).Build.0 = Debug|TwinCAT OS (ARMT2)
		{58B0701E-067D-4AE4-8E1F-41033906F537}.Debug|TwinCAT RT (x64).ActiveCfg = Debug|TwinCAT RT (x64)
		{58B0701E-067D-4AE4-8E1F-41033906F537}.Debug|TwinCAT RT (x64).Build.0 = Debug|TwinCAT RT (x64)
		{58B0701E-067D-4AE4-8E1F-41033906F537}.Debug|TwinCAT RT (x86).ActiveCfg = Debug|TwinCAT RT (x86)
		{58B0701E-067D-4AE4-8E1F-41033906F537}.Debug|TwinCAT RT (x86).Build.0 = Debug|TwinCAT RT (x86)
		{58B0701E-067D-4AE4-8E1F-41033906F537}.Release|TwinCAT CE7 (ARMV7).ActiveCfg = Release|TwinCAT CE7 (ARMV7)
		{58B0701E-067D-4AE4-8E1F-41033906F537}.Release|TwinCAT CE7 (ARMV7).Build.0 = Release|TwinCAT CE7 (ARMV7)
		{58B0701E-067D-4AE4-8E1F-41033906F537}.Release|TwinCAT OS (ARMT2).ActiveCfg = Release|TwinCAT OS (ARMT2)
		{58B0701E-067D-4AE4-8E1F-41033906F537}.Release|TwinCAT OS (ARMT2).Build.0 = Release|TwinCAT OS (ARMT2)
		{58B0701E-067D-4AE4-8E1F-41033906F537}.Release|TwinCAT RT (x64).ActiveCfg = Release|TwinCAT RT (x64)
		{58B0701E-067D-4AE4-8E1F-41033906F537}.Release|TwinCAT RT (x64).Build.0 = Release|TwinCAT RT (x64)
		{58B0701E-067D-4AE4-8E1F-41033906F537}.Release|TwinCAT RT (x86).ActiveCfg = Release|TwinCAT RT (x86)
		{58B0701E-067D-4AE4-8E1F-41033906F537}.Release|TwinCAT RT (x86).Build.0 = Release|TwinCAT RT (x86)
		{72E2BC61-6AB9-49C3-BCE6-ADDF44BF2FE6}.Debug|TwinCAT CE7 (ARMV7).ActiveCfg = Debug|TwinCAT CE7 (ARMV7)
		{72E2BC61-6AB9-49C3-BCE6-ADDF44BF2FE6}.Debug|TwinCAT CE7 (ARMV7).Build.0 = Debug|TwinCAT CE7 (ARMV7)
		{72E2BC61-6AB9-49C3-BCE6-ADDF44BF2FE6}.Debug|TwinCAT OS (ARMT2).ActiveCfg = Debug|TwinCAT OS (ARMT2)
		{72E2BC61-6AB9-49C3-BCE6-ADDF44BF2FE6}.Debug|TwinCAT OS (ARMT2).Build.0 = Debug|TwinCAT OS (ARMT2)
		{72E2BC61-6AB9-49C3-BCE6-ADDF44BF2FE6}.Debug|TwinCAT RT (x64).ActiveCfg = Debug|TwinCAT RT (x64)
		{72E2BC61-6AB9-49C3-BCE6-ADDF44BF2FE6}.Debug|TwinCAT RT (x64).Build.0 = Debug|TwinCAT RT (x64)
		{72E2BC61-6AB9-49C3-BCE6-ADDF44BF2FE6}.Debug|TwinCAT RT (x86).ActiveCfg = Debug|TwinCAT RT (x86)
		{72E2BC61-6AB9-49C3-BCE6-ADDF44BF2FE6}.Debug|TwinCAT RT (x86).Build.0 = Debug|TwinCAT RT (x86)
		{72E2BC61-6AB9-49C3-BCE6-ADDF44BF2FE6}.Release|TwinCAT CE7 (ARMV7).ActiveCfg = Release|TwinCAT CE7 (ARMV7)
		{72E2BC61-6AB9-49C3-BCE6-ADDF44BF2FE6}.Release|TwinCAT CE7 (ARMV7).Build.0 = Release|TwinCAT CE7 (ARMV7)
		{72E2BC61-6AB9-49C3-BCE6-ADDF44BF2FE6}.Release|TwinCAT OS (ARMT2).ActiveCfg = Release|TwinCAT OS (ARMT2)
		{72E2BC61-6AB9-49C3-BCE6-ADDF44BF2FE6}.Release|TwinCAT OS (ARMT2).Build.0 = Release|TwinCAT OS (ARMT2)
		{72E2BC61-6AB9-49C3-BCE6-ADDF44BF2FE6}.Release|TwinCAT RT (x64).ActiveCfg = Release|TwinCAT RT (x64)
		{72E2BC61-6AB9-49C3-BCE6-ADDF44BF2FE6}.Release|TwinCAT RT (x64).Build.0 = Release|TwinCAT RT (x64)
		{72E2BC61-6AB9-49C3-BCE6-ADDF44BF2FE6}.Release|TwinCAT RT (x86).ActiveCfg = Release|TwinCAT RT (x86)
		{72E2BC61-6AB9-49C3-BCE6-ADDF44BF2FE6}.Release|TwinCAT RT (x86).Build.0 = Release|TwinCAT RT (x86)
		{2A6E9915-DB4D-4671-B3B2-3E7BE2CBC6A4}.Debug|TwinCAT CE7 (ARMV7).ActiveCfg = Debug|TwinCAT CE7 (ARMV7)
		{2A6E9915-DB4D-4671-B3B2-3E7BE2CBC6A4}.Debug|TwinCAT CE7 (ARMV7).Build.0 = Debug|TwinCAT CE7 (ARMV7)
		{2A6E9915-DB4D-4671-B3B2-3E7BE2CBC6A4}.Debug|TwinCAT OS (ARMT2).ActiveCfg = Debug|TwinCAT OS (ARMT2)
		{2A6E9915-DB4D-4671-B3B2-3E7BE2CBC6A4}.Debug|TwinCAT OS (ARMT2).Build.0 = Debug|TwinCAT OS (ARMT2)
		{2A6E9915-DB4D-4671-B3B2-3E7BE2CBC6A4}.Debug|TwinCAT RT (x64).ActiveCfg = Debug|TwinCAT RT (x64)
		{2A6E9915-DB4D-4671-B3B2-3E7BE2CBC6A4}.Debug|TwinCAT RT (x64).Build.0 = Debug|TwinCAT RT (x64)
		{2A6E9915-DB4D-4671-B3B2-3E7BE2CBC6A4}.Debug|TwinCAT RT (x86).ActiveCfg = Debug|TwinCAT RT (x86)
		{2A6E9915-DB4D-4671-B3B2-3E7BE2CBC6A4}.Debug|TwinCAT RT (x86).Build.0 = Debug|TwinCAT RT (x86)
		{2A6E9915-DB4D-4671-B3B2-3E7BE2CBC6A4}.Release|TwinCAT CE7 (ARMV7).ActiveCfg = Release|TwinCAT CE7 (ARMV7)
		{2A6E9915-DB4D-4671-B3B2-3E7BE2CBC6A4}.Release|TwinCAT CE7 (ARMV7).Build.0 = Release|TwinCAT CE7 (ARMV7)
		{2A6E9915-DB4D-4671-B3B2-3E7BE2CBC6A4}.Release|TwinCAT OS (ARMT2).ActiveCfg = Release|TwinCAT OS (ARMT2)
		{2A6E9915-DB4D-4671-B3B2-3E7BE2CBC6A4}.Release|TwinCAT OS (ARMT2).Build.0 = Release|TwinCAT OS (ARMT2)
		{2A6E9915-DB4D-4671-B3B2-3E7BE2CBC6A4}.Release|TwinCAT RT (x64).ActiveCfg = Release|TwinCAT RT (x64)
		{2A6E9915-DB4D-4671-B3B2-3E7BE2CBC6A4}.Release|TwinCAT RT (x64).Build.0 = Release|TwinCAT RT (x64)
		{2A6E9915-DB4D-4671-B3B2-3E7BE2CBC6A4}.Release|TwinCAT RT (x86).ActiveCfg = Release|TwinCAT RT (x86)
		{2A6E9915-DB4D-4671-B3B2-3E7BE2CBC6A4}.Release|TwinCAT RT (x86).Build.0 = Release|TwinCAT RT (x86)
	EndGlobalSection
	GlobalSection(SolutionProperties) = preSolution
		HideSolutionNode = FALSE
	EndGlobalSection
	GlobalSection(ExtensibilityGlobals) = postSolution
		SolutionGuid = {2341BB2B-3002-4928-9BD9-9C31D3620609}
	EndGlobalSection
EndGlobal
